
Microsoft Visual Studio Solution File, Format Version 12.00
# Visual Studio Version 17
VisualStudioVersion = 17.4.33213.308
MinimumVisualStudioVersion = 10.0.40219.1
Project("{FAE04EC0-301F-11D3-BF4B-00C04F79EFBC}") = "lab04.Android", "lab04\lab04.Android\lab04.Android.csproj", "{B46B1502-4300-49E6-8F57-01BF2257A00F}"
EndProject
Project("{FAE04EC0-301F-11D3-BF4B-00C04F79EFBC}") = "lab04.iOS", "lab04\lab04.iOS\lab04.iOS.csproj", "{A2DC9F39-CABE-47B2-996A-B756C87C3A19}"
EndProject
Project("{FAE04EC0-301F-11D3-BF4B-00C04F79EFBC}") = "lab04", "lab04\lab04\lab04.csproj", "{22465462-0E90-489C-AA30-4AD38891B2D5}"
EndProject
Global
	GlobalSection(SolutionConfigurationPlatforms) = preSolution
		Debug|Any CPU = Debug|Any CPU
		Debug|iPhone = Debug|iPhone
		Debug|iPhoneSimulator = Debug|iPhoneSimulator
		Release|Any CPU = Release|Any CPU
		Release|iPhone = Release|iPhone
		Release|iPhoneSimulator = Release|iPhoneSimulator
	EndGlobalSection
	GlobalSection(ProjectConfigurationPlatforms) = postSolution
		{B46B1502-4300-49E6-8F57-01BF2257A00F}.Debug|Any CPU.ActiveCfg = Debug|Any CPU
		{B46B1502-4300-49E6-8F57-01BF2257A00F}.Debug|Any CPU.Build.0 = Debug|Any CPU
		{B46B1502-4300-49E6-8F57-01BF2257A00F}.Debug|Any CPU.Deploy.0 = Debug|Any CPU
		{B46B1502-4300-49E6-8F57-01BF2257A00F}.Debug|iPhone.ActiveCfg = Debug|Any CPU
		{B46B1502-4300-49E6-8F57-01BF2257A00F}.Debug|iPhone.Build.0 = Debug|Any CPU
		{B46B1502-4300-49E6-8F57-01BF2257A00F}.Debug|iPhone.Deploy.0 = Debug|Any CPU
		{B46B1502-4300-49E6-8F57-01BF2257A00F}.Debug|iPhoneSimulator.ActiveCfg = Debug|Any CPU
		{B46B1502-4300-49E6-8F57-01BF2257A00F}.Debug|iPhoneSimulator.Build.0 = Debug|Any CPU
		{B46B1502-4300-49E6-8F57-01BF2257A00F}.Debug|iPhoneSimulator.Deploy.0 = Debug|Any CPU
		{B46B1502-4300-49E6-8F57-01BF2257A00F}.Release|Any CPU.ActiveCfg = Release|Any CPU
		{B46B1502-4300-49E6-8F57-01BF2257A00F}.Release|Any CPU.Build.0 = Release|Any CPU
		{B46B1502-4300-49E6-8F57-01BF2257A00F}.Release|Any CPU.Deploy.0 = Release|Any CPU
		{B46B1502-4300-49E6-8F57-01BF2257A00F}.Release|iPhone.ActiveCfg = Release|Any CPU
		{B46B1502-4300-49E6-8F57-01BF2257A00F}.Release|iPhone.Build.0 = Release|Any CPU
		{B46B1502-4300-49E6-8F57-01BF2257A00F}.Release|iPhone.Deploy.0 = Release|Any CPU
		{B46B1502-4300-49E6-8F57-01BF2257A00F}.Release|iPhoneSimulator.ActiveCfg = Release|Any CPU
		{B46B1502-4300-49E6-8F57-01BF2257A00F}.Release|iPhoneSimulator.Build.0 = Release|Any CPU
		{B46B1502-4300-49E6-8F57-01BF2257A00F}.Release|iPhoneSimulator.Deploy.0 = Release|Any CPU
		{A2DC9F39-CABE-47B2-996A-B756C87C3A19}.Debug|Any CPU.ActiveCfg = Debug|iPhone
		{A2DC9F39-CABE-47B2-996A-B756C87C3A19}.Debug|Any CPU.Build.0 = Debug|iPhone
		{A2DC9F39-CABE-47B2-996A-B756C87C3A19}.Debug|Any CPU.Deploy.0 = Debug|iPhone
		{A2DC9F39-CABE-47B2-996A-B756C87C3A19}.Debug|iPhone.ActiveCfg = Debug|iPhone
		{A2DC9F39-CABE-47B2-996A-B756C87C3A19}.Debug|iPhone.Build.0 = Debug|iPhone
		{A2DC9F39-CABE-47B2-996A-B756C87C3A19}.Debug|iPhone.Deploy.0 = Debug|iPhone
		{A2DC9F39-CABE-47B2-996A-B756C87C3A19}.Debug|iPhoneSimulator.ActiveCfg = Debug|iPhoneSimulator
		{A2DC9F39-CABE-47B2-996A-B756C87C3A19}.Debug|iPhoneSimulator.Build.0 = Debug|iPhoneSimulator
		{A2DC9F39-CABE-47B2-996A-B756C87C3A19}.Debug|iPhoneSimulator.Deploy.0 = Debug|iPhoneSimulator
		{A2DC9F39-CABE-47B2-996A-B756C87C3A19}.Release|Any CPU.ActiveCfg = Release|iPhoneSimulator
		{A2DC9F39-CABE-47B2-996A-B756C87C3A19}.Release|Any CPU.Build.0 = Release|iPhoneSimulator
		{A2DC9F39-CABE-47B2-996A-B756C87C3A19}.Release|Any CPU.Deploy.0 = Release|iPhoneSimulator
		{A2DC9F39-CABE-47B2-996A-B756C87C3A19}.Release|iPhone.ActiveCfg = Release|iPhone
		{A2DC9F39-CABE-47B2-996A-B756C87C3A19}.Release|iPhone.Build.0 = Release|iPhone
		{A2DC9F39-CABE-47B2-996A-B756C87C3A19}.Release|iPhone.Deploy.0 = Release|iPhone
		{A2DC9F39-CABE-47B2-996A-B756C87C3A19}.Release|iPhoneSimulator.ActiveCfg = Release|iPhoneSimulator
		{A2DC9F39-CABE-47B2-996A-B756C87C3A19}.Release|iPhoneSimulator.Build.0 = Release|iPhoneSimulator
		{A2DC9F39-CABE-47B2-996A-B756C87C3A19}.Release|iPhoneSimulator.Deploy.0 = Release|iPhoneSimulator
		{22465462-0E90-489C-AA30-4AD38891B2D5}.Debug|Any CPU.ActiveCfg = Debug|Any CPU
		{22465462-0E90-489C-AA30-4AD38891B2D5}.Debug|Any CPU.Build.0 = Debug|Any CPU
		{22465462-0E90-489C-AA30-4AD38891B2D5}.Debug|Any CPU.Deploy.0 = Debug|Any CPU
		{22465462-0E90-489C-AA30-4AD38891B2D5}.Debug|iPhone.ActiveCfg = Debug|Any CPU
		{22465462-0E90-489C-AA30-4AD38891B2D5}.Debug|iPhone.Build.0 = Debug|Any CPU
		{22465462-0E90-489C-AA30-4AD38891B2D5}.Debug|iPhone.Deploy.0 = Debug|Any CPU
		{22465462-0E90-489C-AA30-4AD38891B2D5}.Debug|iPhoneSimulator.ActiveCfg = Debug|Any CPU
		{22465462-0E90-489C-AA30-4AD38891B2D5}.Debug|iPhoneSimulator.Build.0 = Debug|Any CPU
		{22465462-0E90-489C-AA30-4AD38891B2D5}.Debug|iPhoneSimulator.Deploy.0 = Debug|Any CPU
		{22465462-0E90-489C-AA30-4AD38891B2D5}.Release|Any CPU.ActiveCfg = Release|Any CPU
		{22465462-0E90-489C-AA30-4AD38891B2D5}.Release|Any CPU.Build.0 = Release|Any CPU
		{22465462-0E90-489C-AA30-4AD38891B2D5}.Release|Any CPU.Deploy.0 = Release|Any CPU
		{22465462-0E90-489C-AA30-4AD38891B2D5}.Release|iPhone.ActiveCfg = Release|Any CPU
		{22465462-0E90-489C-AA30-4AD38891B2D5}.Release|iPhone.Build.0 = Release|Any CPU
		{22465462-0E90-489C-AA30-4AD38891B2D5}.Release|iPhone.Deploy.0 = Release|Any CPU
		{22465462-0E90-489C-AA30-4AD38891B2D5}.Release|iPhoneSimulator.ActiveCfg = Release|Any CPU
		{22465462-0E90-489C-AA30-4AD38891B2D5}.Release|iPhoneSimulator.Build.0 = Release|Any CPU
		{22465462-0E90-489C-AA30-4AD38891B2D5}.Release|iPhoneSimulator.Deploy.0 = Release|Any CPU
	EndGlobalSection
	GlobalSection(SolutionProperties) = preSolution
		HideSolutionNode = FALSE
	EndGlobalSection
	GlobalSection(ExtensibilityGlobals) = postSolution
		SolutionGuid = {5B24A750-7EAD-4763-94AB-96673D3F65F8}
	EndGlobalSection
EndGlobal
